// !$*UTF8*$!
{
	archiveVersion = 1;
	classes = {
	};
	objectVersion = 46;
	objects = {

/* Begin PBXBuildFile section */
		D53425241F8C4B0A00BE4F4B /* CFlagsTests.swift in Sources */ = {isa = PBXBuildFile; fileRef = D53425191F8C4B0200BE4F4B /* CFlagsTests.swift */; };
		D53425251F8C4B0A00BE4F4B /* EFlagsTests.swift in Sources */ = {isa = PBXBuildFile; fileRef = D534251A1F8C4B0200BE4F4B /* EFlagsTests.swift */; };
		D53425261F8C4B0A00BE4F4B /* ErrorTests.swift in Sources */ = {isa = PBXBuildFile; fileRef = D534251B1F8C4B0200BE4F4B /* ErrorTests.swift */; };
		D53425271F8C4B0A00BE4F4B /* RegexTests.swift in Sources */ = {isa = PBXBuildFile; fileRef = D534251C1F8C4B0200BE4F4B /* RegexTests.swift */; };
		D542C50C1D120A84005C6965 /* String+Rexy.swift in Sources */ = {isa = PBXBuildFile; fileRef = D542C50B1D120A84005C6965 /* String+Rexy.swift */; };
		D56BFB171D0A096600E71179 /* CFlags.swift in Sources */ = {isa = PBXBuildFile; fileRef = D56BFB161D0A096600E71179 /* CFlags.swift */; };
		D56BFB1C1D0A0BD200E71179 /* Error.swift in Sources */ = {isa = PBXBuildFile; fileRef = D56BFB1B1D0A0BD200E71179 /* Error.swift */; };
		D56BFB1E1D0A0E2800E71179 /* Regex.swift in Sources */ = {isa = PBXBuildFile; fileRef = D56BFB1D1D0A0E2800E71179 /* Regex.swift */; };
		_LinkFileRef_Rexy_via_RexyTestSuite /* Rexy.framework in Frameworks */ = {isa = PBXBuildFile; fileRef = "_____Product_Rexy" /* Rexy.framework */; };
		__src_cc_ref_Sources/Rexy/Rexy.swift /* EFlags.swift in Sources */ = {isa = PBXBuildFile; fileRef = __PBXFileRef_Sources/Rexy/Rexy.swift /* EFlags.swift */; };
/* End PBXBuildFile section */

/* Begin PBXContainerItemProxy section */
		D51BCA621D09EB44003138D5 /* PBXContainerItemProxy */ = {
			isa = PBXContainerItemProxy;
			containerPortal = __RootObject_ /* Project object */;
			proxyType = 1;
			remoteGlobalIDString = "______Target_Rexy";
			remoteInfo = Rexy;
		};
/* End PBXContainerItemProxy section */

/* Begin PBXFileReference section */
		D53425191F8C4B0200BE4F4B /* CFlagsTests.swift */ = {isa = PBXFileReference; fileEncoding = 4; lastKnownFileType = sourcecode.swift; path = CFlagsTests.swift; sourceTree = "<group>"; };
		D534251A1F8C4B0200BE4F4B /* EFlagsTests.swift */ = {isa = PBXFileReference; fileEncoding = 4; lastKnownFileType = sourcecode.swift; path = EFlagsTests.swift; sourceTree = "<group>"; };
		D534251B1F8C4B0200BE4F4B /* ErrorTests.swift */ = {isa = PBXFileReference; fileEncoding = 4; lastKnownFileType = sourcecode.swift; path = ErrorTests.swift; sourceTree = "<group>"; };
		D534251C1F8C4B0200BE4F4B /* RegexTests.swift */ = {isa = PBXFileReference; fileEncoding = 4; lastKnownFileType = sourcecode.swift; path = RegexTests.swift; sourceTree = "<group>"; };
		D534251D1F8C4B0200BE4F4B /* LinuxMain.swift */ = {isa = PBXFileReference; fileEncoding = 4; lastKnownFileType = sourcecode.swift; name = LinuxMain.swift; path = Tests/LinuxMain.swift; sourceTree = "<group>"; };
		D542C50B1D120A84005C6965 /* String+Rexy.swift */ = {isa = PBXFileReference; fileEncoding = 4; lastKnownFileType = sourcecode.swift; path = "String+Rexy.swift"; sourceTree = "<group>"; };
		D56BFB161D0A096600E71179 /* CFlags.swift */ = {isa = PBXFileReference; fileEncoding = 4; lastKnownFileType = sourcecode.swift; path = CFlags.swift; sourceTree = "<group>"; };
		D56BFB1B1D0A0BD200E71179 /* Error.swift */ = {isa = PBXFileReference; fileEncoding = 4; lastKnownFileType = sourcecode.swift; path = Error.swift; sourceTree = "<group>"; };
		D56BFB1D1D0A0E2800E71179 /* Regex.swift */ = {isa = PBXFileReference; fileEncoding = 4; lastKnownFileType = sourcecode.swift; path = Regex.swift; sourceTree = "<group>"; };
		__PBXFileRef_Package.swift /* Package.swift */ = {isa = PBXFileReference; lastKnownFileType = sourcecode.swift; path = Package.swift; sourceTree = "<group>"; };
		__PBXFileRef_Rexy.xcodeproj/Configs/Project.xcconfig /* Project.xcconfig */ = {isa = PBXFileReference; lastKnownFileType = text.xcconfig; name = Project.xcconfig; path = Rexy.xcodeproj/Configs/Project.xcconfig; sourceTree = "<group>"; };
		__PBXFileRef_Rexy_Info.plist /* Rexy_Info.plist */ = {isa = PBXFileReference; lastKnownFileType = text.plist.xml; name = Rexy_Info.plist; path = Rexy.xcodeproj/Rexy_Info.plist; sourceTree = SOURCE_ROOT; };
		__PBXFileRef_Sources/Rexy/Rexy.swift /* EFlags.swift */ = {isa = PBXFileReference; lastKnownFileType = sourcecode.swift; path = EFlags.swift; sourceTree = "<group>"; };
		"_____Product_Rexy" /* Rexy.framework */ = {isa = PBXFileReference; explicitFileType = wrapper.framework; path = Rexy.framework; sourceTree = BUILT_PRODUCTS_DIR; };
		"_____Product_RexyTestSuite" /* RexyTestSuite.xctest */ = {isa = PBXFileReference; explicitFileType = wrapper.cfbundle; path = RexyTestSuite.xctest; sourceTree = BUILT_PRODUCTS_DIR; };
/* End PBXFileReference section */

/* Begin PBXFrameworksBuildPhase section */
		"___LinkPhase_Rexy" /* Frameworks */ = {
			isa = PBXFrameworksBuildPhase;
			buildActionMask = 0;
			files = (
			);
			runOnlyForDeploymentPostprocessing = 0;
		};
		"___LinkPhase_RexyTestSuite" /* Frameworks */ = {
			isa = PBXFrameworksBuildPhase;
			buildActionMask = 0;
			files = (
				_LinkFileRef_Rexy_via_RexyTestSuite /* Rexy.framework in Frameworks */,
			);
			runOnlyForDeploymentPostprocessing = 0;
		};
/* End PBXFrameworksBuildPhase section */

/* Begin PBXGroup section */
		D53425181F8C4B0200BE4F4B /* RexyTests */ = {
			isa = PBXGroup;
			children = (
				D53425191F8C4B0200BE4F4B /* CFlagsTests.swift */,
				D534251A1F8C4B0200BE4F4B /* EFlagsTests.swift */,
				D534251B1F8C4B0200BE4F4B /* ErrorTests.swift */,
				D534251C1F8C4B0200BE4F4B /* RegexTests.swift */,
			);
			name = RexyTests;
			path = Tests/RexyTests;
			sourceTree = "<group>";
		};
		TestProducts_ /* Tests */ = {
			isa = PBXGroup;
			children = (
				"_____Product_RexyTestSuite" /* RexyTestSuite.xctest */,
			);
			name = Tests;
			sourceTree = "<group>";
		};
		"___RootGroup_" = {
			isa = PBXGroup;
			children = (
				__PBXFileRef_Package.swift /* Package.swift */,
				"_____Configs_" /* Configs */,
				"_____Sources_" /* Sources */,
				"_______Tests_" /* Tests */,
				"____Products_" /* Products */,
			);
			sourceTree = "<group>";
		};
		"____Products_" /* Products */ = {
			isa = PBXGroup;
			children = (
				TestProducts_ /* Tests */,
				"_____Product_Rexy" /* Rexy.framework */,
			);
			name = Products;
			sourceTree = "<group>";
		};
		"_____Configs_" /* Configs */ = {
			isa = PBXGroup;
			children = (
				__PBXFileRef_Rexy.xcodeproj/Configs/Project.xcconfig /* Project.xcconfig */,
			);
			name = Configs;
			sourceTree = "<group>";
		};
		"_____Sources_" /* Sources */ = {
			isa = PBXGroup;
			children = (
				"_______Group_Rexy" /* Rexy */,
			);
			name = Sources;
			sourceTree = "<group>";
		};
		"_______Group_Rexy" /* Rexy */ = {
			isa = PBXGroup;
			children = (
				__PBXFileRef_Rexy_Info.plist /* Rexy_Info.plist */,
				D56BFB161D0A096600E71179 /* CFlags.swift */,
				__PBXFileRef_Sources/Rexy/Rexy.swift /* EFlags.swift */,
				D56BFB1B1D0A0BD200E71179 /* Error.swift */,
				D56BFB1D1D0A0E2800E71179 /* Regex.swift */,
				D542C50B1D120A84005C6965 /* String+Rexy.swift */,
			);
			name = Rexy;
			path = Sources/Rexy;
			sourceTree = "<group>";
		};
		"_______Tests_" /* Tests */ = {
			isa = PBXGroup;
			children = (
				D534251D1F8C4B0200BE4F4B /* LinuxMain.swift */,
				D53425181F8C4B0200BE4F4B /* RexyTests */,
			);
			name = Tests;
			sourceTree = "<group>";
		};
/* End PBXGroup section */

/* Begin PBXNativeTarget section */
		"______Target_Rexy" /* Rexy */ = {
			isa = PBXNativeTarget;
			buildConfigurationList = "_______Confs_Rexy" /* Build configuration list for PBXNativeTarget "Rexy" */;
			buildPhases = (
				CompilePhase_Rexy /* Sources */,
				"___LinkPhase_Rexy" /* Frameworks */,
			);
			buildRules = (
			);
			dependencies = (
			);
			name = Rexy;
			productName = Rexy;
			productReference = "_____Product_Rexy" /* Rexy.framework */;
			productType = "com.apple.product-type.framework";
		};
		"______Target_RexyTestSuite" /* RexyTestSuite */ = {
			isa = PBXNativeTarget;
			buildConfigurationList = "_______Confs_RexyTestSuite" /* Build configuration list for PBXNativeTarget "RexyTestSuite" */;
			buildPhases = (
				CompilePhase_RexyTestSuite /* Sources */,
				"___LinkPhase_RexyTestSuite" /* Frameworks */,
			);
			buildRules = (
			);
			dependencies = (
				__Dependency_Rexy /* PBXTargetDependency */,
			);
			name = RexyTestSuite;
			productName = RexyTestSuite;
			productReference = "_____Product_RexyTestSuite" /* RexyTestSuite.xctest */;
			productType = "com.apple.product-type.bundle.unit-test";
		};
/* End PBXNativeTarget section */

/* Begin PBXProject section */
		__RootObject_ /* Project object */ = {
			isa = PBXProject;
			attributes = {
				LastUpgradeCheck = 9999;
				TargetAttributes = {
					"______Target_Rexy" = {
						LastSwiftMigration = 1130;
					};
					"______Target_RexyTestSuite" = {
						LastSwiftMigration = 1130;
					};
				};
			};
			buildConfigurationList = "___RootConfs_" /* Build configuration list for PBXProject "Rexy" */;
			compatibilityVersion = "Xcode 3.2";
			developmentRegion = English;
			hasScannedForEncodings = 0;
			knownRegions = (
				English,
				en,
			);
			mainGroup = "___RootGroup_";
			productRefGroup = "____Products_" /* Products */;
			projectDirPath = "";
			projectRoot = "";
			targets = (
				"______Target_Rexy" /* Rexy */,
				"______Target_RexyTestSuite" /* RexyTestSuite */,
			);
		};
/* End PBXProject section */

/* Begin PBXSourcesBuildPhase section */
		CompilePhase_Rexy /* Sources */ = {
			isa = PBXSourcesBuildPhase;
			buildActionMask = 0;
			files = (
				__src_cc_ref_Sources/Rexy/Rexy.swift /* EFlags.swift in Sources */,
				D56BFB1E1D0A0E2800E71179 /* Regex.swift in Sources */,
				D56BFB1C1D0A0BD200E71179 /* Error.swift in Sources */,
				D56BFB171D0A096600E71179 /* CFlags.swift in Sources */,
				D542C50C1D120A84005C6965 /* String+Rexy.swift in Sources */,
			);
			runOnlyForDeploymentPostprocessing = 0;
		};
		CompilePhase_RexyTestSuite /* Sources */ = {
			isa = PBXSourcesBuildPhase;
			buildActionMask = 0;
			files = (
				D53425261F8C4B0A00BE4F4B /* ErrorTests.swift in Sources */,
				D53425251F8C4B0A00BE4F4B /* EFlagsTests.swift in Sources */,
				D53425241F8C4B0A00BE4F4B /* CFlagsTests.swift in Sources */,
				D53425271F8C4B0A00BE4F4B /* RegexTests.swift in Sources */,
			);
			runOnlyForDeploymentPostprocessing = 0;
		};
/* End PBXSourcesBuildPhase section */

/* Begin PBXTargetDependency section */
		__Dependency_Rexy /* PBXTargetDependency */ = {
			isa = PBXTargetDependency;
			target = "______Target_Rexy" /* Rexy */;
			targetProxy = D51BCA621D09EB44003138D5 /* PBXContainerItemProxy */;
		};
/* End PBXTargetDependency section */

/* Begin XCBuildConfiguration section */
		_ReleaseConf_Rexy /* Release */ = {
			isa = XCBuildConfiguration;
			buildSettings = {
				ENABLE_TESTABILITY = YES;
				FRAMEWORK_SEARCH_PATHS = "$(PLATFORM_DIR)/Developer/Library/Frameworks";
				INFOPLIST_FILE = Rexy.xcodeproj/Rexy_Info.plist;
				LD_RUNPATH_SEARCH_PATHS = "$(TOOLCHAIN_DIR)/usr/lib/swift/macosx";
				OTHER_LDFLAGS = "$(inherited)";
				OTHER_SWIFT_FLAGS = "$(inherited)";
				PRODUCT_MODULE_NAME = "$(TARGET_NAME:c99extidentifier)";
				PRODUCT_NAME = "$(TARGET_NAME:c99extidentifier)";
				SWIFT_SWIFT3_OBJC_INFERENCE = Default;
				SWIFT_VERSION = 5.0;
			};
			name = Release;
		};
		_ReleaseConf_RexyTestSuite /* Release */ = {
			isa = XCBuildConfiguration;
			buildSettings = {
				EMBEDDED_CONTENT_CONTAINS_SWIFT = YES;
				FRAMEWORK_SEARCH_PATHS = "$(PLATFORM_DIR)/Developer/Library/Frameworks";
				INFOPLIST_FILE = Rexy.xcodeproj/RexyTestSuite_Info.plist;
				LD_RUNPATH_SEARCH_PATHS = "@loader_path/../Frameworks";
				OTHER_LDFLAGS = "$(inherited)";
				OTHER_SWIFT_FLAGS = "$(inherited)";
				SWIFT_VERSION = 5.0;
			};
			name = Release;
		};
		"___DebugConf_Rexy" /* Debug */ = {
			isa = XCBuildConfiguration;
			buildSettings = {
				ENABLE_TESTABILITY = YES;
				FRAMEWORK_SEARCH_PATHS = "$(PLATFORM_DIR)/Developer/Library/Frameworks";
				INFOPLIST_FILE = Rexy.xcodeproj/Rexy_Info.plist;
				LD_RUNPATH_SEARCH_PATHS = "$(TOOLCHAIN_DIR)/usr/lib/swift/macosx";
				OTHER_LDFLAGS = "$(inherited)";
				OTHER_SWIFT_FLAGS = "$(inherited)";
				PRODUCT_MODULE_NAME = "$(TARGET_NAME:c99extidentifier)";
				PRODUCT_NAME = "$(TARGET_NAME:c99extidentifier)";
				SWIFT_OPTIMIZATION_LEVEL = "-Onone";
				SWIFT_SWIFT3_OBJC_INFERENCE = Default;
				SWIFT_VERSION = 5.0;
			};
			name = Debug;
		};
		"___DebugConf_RexyTestSuite" /* Debug */ = {
			isa = XCBuildConfiguration;
			buildSettings = {
				EMBEDDED_CONTENT_CONTAINS_SWIFT = YES;
				FRAMEWORK_SEARCH_PATHS = "$(PLATFORM_DIR)/Developer/Library/Frameworks";
				INFOPLIST_FILE = Rexy.xcodeproj/RexyTestSuite_Info.plist;
				LD_RUNPATH_SEARCH_PATHS = "@loader_path/../Frameworks";
				OTHER_LDFLAGS = "$(inherited)";
				OTHER_SWIFT_FLAGS = "$(inherited)";
				SWIFT_OPTIMIZATION_LEVEL = "-Onone";
				SWIFT_VERSION = 5.0;
			};
			name = Debug;
		};
		"_____Release_" /* Release */ = {
			isa = XCBuildConfiguration;
			baseConfigurationReference = __PBXFileRef_Rexy.xcodeproj/Configs/Project.xcconfig /* Project.xcconfig */;
			buildSettings = {
			};
			name = Release;
		};
		"_______Debug_" /* Debug */ = {
			isa = XCBuildConfiguration;
			baseConfigurationReference = __PBXFileRef_Rexy.xcodeproj/Configs/Project.xcconfig /* Project.xcconfig */;
			buildSettings = {
			};
			name = Debug;
		};
/* End XCBuildConfiguration section */

/* Begin XCConfigurationList section */
		"___RootConfs_" /* Build configuration list for PBXProject "Rexy" */ = {
			isa = XCConfigurationList;
			buildConfigurations = (
				"_______Debug_" /* Debug */,
				"_____Release_" /* Release */,
			);
			defaultConfigurationIsVisible = 0;
			defaultConfigurationName = Debug;
		};
		"_______Confs_Rexy" /* Build configuration list for PBXNativeTarget "Rexy" */ = {
			isa = XCConfigurationList;
			buildConfigurations = (
				"___DebugConf_Rexy" /* Debug */,
				_ReleaseConf_Rexy /* Release */,
			);
			defaultConfigurationIsVisible = 0;
			defaultConfigurationName = Debug;
		};
		"_______Confs_RexyTestSuite" /* Build configuration list for PBXNativeTarget "RexyTestSuite" */ = {
			isa = XCConfigurationList;
			buildConfigurations = (
				"___DebugConf_RexyTestSuite" /* Debug */,
				_ReleaseConf_RexyTestSuite /* Release */,
			);
			defaultConfigurationIsVisible = 0;
			defaultConfigurationName = Debug;
		};
/* End XCConfigurationList section */
	};
	rootObject = __RootObject_ /* Project object */;
}
